
Microsoft Visual Studio Solution File, Format Version 12.00
# Visual Studio 15
VisualStudioVersion = 15.0.27703.2000
MinimumVisualStudioVersion = 10.0.40219.1
Project("{FAE04EC0-301F-11D3-BF4B-00C04F79EFBC}") = "AppDIv2.Android", "AppDIv2\AppDIv2.Android\AppDIv2.Android.csproj", "{8F68E92A-E521-40FA-9EB0-85F3EA6CB7A2}"
EndProject
Project("{FAE04EC0-301F-11D3-BF4B-00C04F79EFBC}") = "AppDIv2.iOS", "AppDIv2\AppDIv2.iOS\AppDIv2.iOS.csproj", "{764DF6D7-7367-421F-86B5-42796BAE4F15}"
EndProject
Project("{FAE04EC0-301F-11D3-BF4B-00C04F79EFBC}") = "AppDIv2", "AppDIv2\AppDIv2\AppDIv2.csproj", "{C7366E87-7A38-473E-908E-9D66E1214603}"
EndProject
Global
	GlobalSection(SolutionConfigurationPlatforms) = preSolution
		Ad-Hoc|Any CPU = Ad-Hoc|Any CPU
		Ad-Hoc|iPhone = Ad-Hoc|iPhone
		Ad-Hoc|iPhoneSimulator = Ad-Hoc|iPhoneSimulator
		AppStore|Any CPU = AppStore|Any CPU
		AppStore|iPhone = AppStore|iPhone
		AppStore|iPhoneSimulator = AppStore|iPhoneSimulator
		Debug|Any CPU = Debug|Any CPU
		Debug|iPhone = Debug|iPhone
		Debug|iPhoneSimulator = Debug|iPhoneSimulator
		Release|Any CPU = Release|Any CPU
		Release|iPhone = Release|iPhone
		Release|iPhoneSimulator = Release|iPhoneSimulator
	EndGlobalSection
	GlobalSection(ProjectConfigurationPlatforms) = postSolution
		{8F68E92A-E521-40FA-9EB0-85F3EA6CB7A2}.Ad-Hoc|Any CPU.ActiveCfg = Release|Any CPU
		{8F68E92A-E521-40FA-9EB0-85F3EA6CB7A2}.Ad-Hoc|Any CPU.Build.0 = Release|Any CPU
		{8F68E92A-E521-40FA-9EB0-85F3EA6CB7A2}.Ad-Hoc|Any CPU.Deploy.0 = Release|Any CPU
		{8F68E92A-E521-40FA-9EB0-85F3EA6CB7A2}.Ad-Hoc|iPhone.ActiveCfg = Release|Any CPU
		{8F68E92A-E521-40FA-9EB0-85F3EA6CB7A2}.Ad-Hoc|iPhone.Build.0 = Release|Any CPU
		{8F68E92A-E521-40FA-9EB0-85F3EA6CB7A2}.Ad-Hoc|iPhone.Deploy.0 = Release|Any CPU
		{8F68E92A-E521-40FA-9EB0-85F3EA6CB7A2}.Ad-Hoc|iPhoneSimulator.ActiveCfg = Release|Any CPU
		{8F68E92A-E521-40FA-9EB0-85F3EA6CB7A2}.Ad-Hoc|iPhoneSimulator.Build.0 = Release|Any CPU
		{8F68E92A-E521-40FA-9EB0-85F3EA6CB7A2}.Ad-Hoc|iPhoneSimulator.Deploy.0 = Release|Any CPU
		{8F68E92A-E521-40FA-9EB0-85F3EA6CB7A2}.AppStore|Any CPU.ActiveCfg = Release|Any CPU
		{8F68E92A-E521-40FA-9EB0-85F3EA6CB7A2}.AppStore|Any CPU.Build.0 = Release|Any CPU
		{8F68E92A-E521-40FA-9EB0-85F3EA6CB7A2}.AppStore|Any CPU.Deploy.0 = Release|Any CPU
		{8F68E92A-E521-40FA-9EB0-85F3EA6CB7A2}.AppStore|iPhone.ActiveCfg = Release|Any CPU
		{8F68E92A-E521-40FA-9EB0-85F3EA6CB7A2}.AppStore|iPhone.Build.0 = Release|Any CPU
		{8F68E92A-E521-40FA-9EB0-85F3EA6CB7A2}.AppStore|iPhone.Deploy.0 = Release|Any CPU
		{8F68E92A-E521-40FA-9EB0-85F3EA6CB7A2}.AppStore|iPhoneSimulator.ActiveCfg = Release|Any CPU
		{8F68E92A-E521-40FA-9EB0-85F3EA6CB7A2}.AppStore|iPhoneSimulator.Build.0 = Release|Any CPU
		{8F68E92A-E521-40FA-9EB0-85F3EA6CB7A2}.AppStore|iPhoneSimulator.Deploy.0 = Release|Any CPU
		{8F68E92A-E521-40FA-9EB0-85F3EA6CB7A2}.Debug|Any CPU.ActiveCfg = Debug|Any CPU
		{8F68E92A-E521-40FA-9EB0-85F3EA6CB7A2}.Debug|Any CPU.Build.0 = Debug|Any CPU
		{8F68E92A-E521-40FA-9EB0-85F3EA6CB7A2}.Debug|Any CPU.Deploy.0 = Debug|Any CPU
		{8F68E92A-E521-40FA-9EB0-85F3EA6CB7A2}.Debug|iPhone.ActiveCfg = Debug|Any CPU
		{8F68E92A-E521-40FA-9EB0-85F3EA6CB7A2}.Debug|iPhone.Build.0 = Debug|Any CPU
		{8F68E92A-E521-40FA-9EB0-85F3EA6CB7A2}.Debug|iPhone.Deploy.0 = Debug|Any CPU
		{8F68E92A-E521-40FA-9EB0-85F3EA6CB7A2}.Debug|iPhoneSimulator.ActiveCfg = Debug|Any CPU
		{8F68E92A-E521-40FA-9EB0-85F3EA6CB7A2}.Debug|iPhoneSimulator.Build.0 = Debug|Any CPU
		{8F68E92A-E521-40FA-9EB0-85F3EA6CB7A2}.Debug|iPhoneSimulator.Deploy.0 = Debug|Any CPU
		{8F68E92A-E521-40FA-9EB0-85F3EA6CB7A2}.Release|Any CPU.ActiveCfg = Release|Any CPU
		{8F68E92A-E521-40FA-9EB0-85F3EA6CB7A2}.Release|Any CPU.Build.0 = Release|Any CPU
		{8F68E92A-E521-40FA-9EB0-85F3EA6CB7A2}.Release|Any CPU.Deploy.0 = Release|Any CPU
		{8F68E92A-E521-40FA-9EB0-85F3EA6CB7A2}.Release|iPhone.ActiveCfg = Release|Any CPU
		{8F68E92A-E521-40FA-9EB0-85F3EA6CB7A2}.Release|iPhone.Build.0 = Release|Any CPU
		{8F68E92A-E521-40FA-9EB0-85F3EA6CB7A2}.Release|iPhone.Deploy.0 = Release|Any CPU
		{8F68E92A-E521-40FA-9EB0-85F3EA6CB7A2}.Release|iPhoneSimulator.ActiveCfg = Release|Any CPU
		{8F68E92A-E521-40FA-9EB0-85F3EA6CB7A2}.Release|iPhoneSimulator.Build.0 = Release|Any CPU
		{8F68E92A-E521-40FA-9EB0-85F3EA6CB7A2}.Release|iPhoneSimulator.Deploy.0 = Release|Any CPU
		{764DF6D7-7367-421F-86B5-42796BAE4F15}.Ad-Hoc|Any CPU.ActiveCfg = Ad-Hoc|iPhone
		{764DF6D7-7367-421F-86B5-42796BAE4F15}.Ad-Hoc|Any CPU.Build.0 = Ad-Hoc|iPhone
		{764DF6D7-7367-421F-86B5-42796BAE4F15}.Ad-Hoc|Any CPU.Deploy.0 = Ad-Hoc|iPhone
		{764DF6D7-7367-421F-86B5-42796BAE4F15}.Ad-Hoc|iPhone.ActiveCfg = Ad-Hoc|iPhone
		{764DF6D7-7367-421F-86B5-42796BAE4F15}.Ad-Hoc|iPhone.Build.0 = Ad-Hoc|iPhone
		{764DF6D7-7367-421F-86B5-42796BAE4F15}.Ad-Hoc|iPhone.Deploy.0 = Ad-Hoc|iPhone
		{764DF6D7-7367-421F-86B5-42796BAE4F15}.Ad-Hoc|iPhoneSimulator.ActiveCfg = Ad-Hoc|iPhoneSimulator
		{764DF6D7-7367-421F-86B5-42796BAE4F15}.Ad-Hoc|iPhoneSimulator.Build.0 = Ad-Hoc|iPhoneSimulator
		{764DF6D7-7367-421F-86B5-42796BAE4F15}.Ad-Hoc|iPhoneSimulator.Deploy.0 = Ad-Hoc|iPhoneSimulator
		{764DF6D7-7367-421F-86B5-42796BAE4F15}.AppStore|Any CPU.ActiveCfg = AppStore|iPhone
		{764DF6D7-7367-421F-86B5-42796BAE4F15}.AppStore|Any CPU.Build.0 = AppStore|iPhone
		{764DF6D7-7367-421F-86B5-42796BAE4F15}.AppStore|Any CPU.Deploy.0 = AppStore|iPhone
		{764DF6D7-7367-421F-86B5-42796BAE4F15}.AppStore|iPhone.ActiveCfg = AppStore|iPhone
		{764DF6D7-7367-421F-86B5-42796BAE4F15}.AppStore|iPhone.Build.0 = AppStore|iPhone
		{764DF6D7-7367-421F-86B5-42796BAE4F15}.AppStore|iPhone.Deploy.0 = AppStore|iPhone
		{764DF6D7-7367-421F-86B5-42796BAE4F15}.AppStore|iPhoneSimulator.ActiveCfg = AppStore|iPhoneSimulator
		{764DF6D7-7367-421F-86B5-42796BAE4F15}.AppStore|iPhoneSimulator.Build.0 = AppStore|iPhoneSimulator
		{764DF6D7-7367-421F-86B5-42796BAE4F15}.AppStore|iPhoneSimulator.Deploy.0 = AppStore|iPhoneSimulator
		{764DF6D7-7367-421F-86B5-42796BAE4F15}.Debug|Any CPU.ActiveCfg = Debug|iPhoneSimulator
		{764DF6D7-7367-421F-86B5-42796BAE4F15}.Debug|Any CPU.Build.0 = Debug|iPhoneSimulator
		{764DF6D7-7367-421F-86B5-42796BAE4F15}.Debug|Any CPU.Deploy.0 = Debug|iPhoneSimulator
		{764DF6D7-7367-421F-86B5-42796BAE4F15}.Debug|iPhone.ActiveCfg = Debug|iPhone
		{764DF6D7-7367-421F-86B5-42796BAE4F15}.Debug|iPhone.Build.0 = Debug|iPhone
		{764DF6D7-7367-421F-86B5-42796BAE4F15}.Debug|iPhone.Deploy.0 = Debug|iPhone
		{764DF6D7-7367-421F-86B5-42796BAE4F15}.Debug|iPhoneSimulator.ActiveCfg = Debug|iPhoneSimulator
		{764DF6D7-7367-421F-86B5-42796BAE4F15}.Debug|iPhoneSimulator.Build.0 = Debug|iPhoneSimulator
		{764DF6D7-7367-421F-86B5-42796BAE4F15}.Debug|iPhoneSimulator.Deploy.0 = Debug|iPhoneSimulator
		{764DF6D7-7367-421F-86B5-42796BAE4F15}.Release|Any CPU.ActiveCfg = Release|iPhone
		{764DF6D7-7367-421F-86B5-42796BAE4F15}.Release|Any CPU.Build.0 = Release|iPhone
		{764DF6D7-7367-421F-86B5-42796BAE4F15}.Release|Any CPU.Deploy.0 = Release|iPhone
		{764DF6D7-7367-421F-86B5-42796BAE4F15}.Release|iPhone.ActiveCfg = Release|iPhone
		{764DF6D7-7367-421F-86B5-42796BAE4F15}.Release|iPhone.Build.0 = Release|iPhone
		{764DF6D7-7367-421F-86B5-42796BAE4F15}.Release|iPhone.Deploy.0 = Release|iPhone
		{764DF6D7-7367-421F-86B5-42796BAE4F15}.Release|iPhoneSimulator.ActiveCfg = Release|iPhoneSimulator
		{764DF6D7-7367-421F-86B5-42796BAE4F15}.Release|iPhoneSimulator.Build.0 = Release|iPhoneSimulator
		{764DF6D7-7367-421F-86B5-42796BAE4F15}.Release|iPhoneSimulator.Deploy.0 = Release|iPhoneSimulator
		{C7366E87-7A38-473E-908E-9D66E1214603}.Ad-Hoc|Any CPU.ActiveCfg = Debug|Any CPU
		{C7366E87-7A38-473E-908E-9D66E1214603}.Ad-Hoc|Any CPU.Build.0 = Debug|Any CPU
		{C7366E87-7A38-473E-908E-9D66E1214603}.Ad-Hoc|Any CPU.Deploy.0 = Debug|Any CPU
		{C7366E87-7A38-473E-908E-9D66E1214603}.Ad-Hoc|iPhone.ActiveCfg = Debug|Any CPU
		{C7366E87-7A38-473E-908E-9D66E1214603}.Ad-Hoc|iPhone.Build.0 = Debug|Any CPU
		{C7366E87-7A38-473E-908E-9D66E1214603}.Ad-Hoc|iPhone.Deploy.0 = Debug|Any CPU
		{C7366E87-7A38-473E-908E-9D66E1214603}.Ad-Hoc|iPhoneSimulator.ActiveCfg = Debug|Any CPU
		{C7366E87-7A38-473E-908E-9D66E1214603}.Ad-Hoc|iPhoneSimulator.Build.0 = Debug|Any CPU
		{C7366E87-7A38-473E-908E-9D66E1214603}.Ad-Hoc|iPhoneSimulator.Deploy.0 = Debug|Any CPU
		{C7366E87-7A38-473E-908E-9D66E1214603}.AppStore|Any CPU.ActiveCfg = Debug|Any CPU
		{C7366E87-7A38-473E-908E-9D66E1214603}.AppStore|Any CPU.Build.0 = Debug|Any CPU
		{C7366E87-7A38-473E-908E-9D66E1214603}.AppStore|Any CPU.Deploy.0 = Debug|Any CPU
		{C7366E87-7A38-473E-908E-9D66E1214603}.AppStore|iPhone.ActiveCfg = Debug|Any CPU
		{C7366E87-7A38-473E-908E-9D66E1214603}.AppStore|iPhone.Build.0 = Debug|Any CPU
		{C7366E87-7A38-473E-908E-9D66E1214603}.AppStore|iPhone.Deploy.0 = Debug|Any CPU
		{C7366E87-7A38-473E-908E-9D66E1214603}.AppStore|iPhoneSimulator.ActiveCfg = Debug|Any CPU
		{C7366E87-7A38-473E-908E-9D66E1214603}.AppStore|iPhoneSimulator.Build.0 = Debug|Any CPU
		{C7366E87-7A38-473E-908E-9D66E1214603}.AppStore|iPhoneSimulator.Deploy.0 = Debug|Any CPU
		{C7366E87-7A38-473E-908E-9D66E1214603}.Debug|Any CPU.ActiveCfg = Debug|Any CPU
		{C7366E87-7A38-473E-908E-9D66E1214603}.Debug|Any CPU.Build.0 = Debug|Any CPU
		{C7366E87-7A38-473E-908E-9D66E1214603}.Debug|Any CPU.Deploy.0 = Debug|Any CPU
		{C7366E87-7A38-473E-908E-9D66E1214603}.Debug|iPhone.ActiveCfg = Debug|Any CPU
		{C7366E87-7A38-473E-908E-9D66E1214603}.Debug|iPhone.Build.0 = Debug|Any CPU
		{C7366E87-7A38-473E-908E-9D66E1214603}.Debug|iPhone.Deploy.0 = Debug|Any CPU
		{C7366E87-7A38-473E-908E-9D66E1214603}.Debug|iPhoneSimulator.ActiveCfg = Debug|Any CPU
		{C7366E87-7A38-473E-908E-9D66E1214603}.Debug|iPhoneSimulator.Build.0 = Debug|Any CPU
		{C7366E87-7A38-473E-908E-9D66E1214603}.Debug|iPhoneSimulator.Deploy.0 = Debug|Any CPU
		{C7366E87-7A38-473E-908E-9D66E1214603}.Release|Any CPU.ActiveCfg = Release|Any CPU
		{C7366E87-7A38-473E-908E-9D66E1214603}.Release|Any CPU.Build.0 = Release|Any CPU
		{C7366E87-7A38-473E-908E-9D66E1214603}.Release|Any CPU.Deploy.0 = Release|Any CPU
		{C7366E87-7A38-473E-908E-9D66E1214603}.Release|iPhone.ActiveCfg = Release|Any CPU
		{C7366E87-7A38-473E-908E-9D66E1214603}.Release|iPhone.Build.0 = Release|Any CPU
		{C7366E87-7A38-473E-908E-9D66E1214603}.Release|iPhone.Deploy.0 = Release|Any CPU
		{C7366E87-7A38-473E-908E-9D66E1214603}.Release|iPhoneSimulator.ActiveCfg = Release|Any CPU
		{C7366E87-7A38-473E-908E-9D66E1214603}.Release|iPhoneSimulator.Build.0 = Release|Any CPU
		{C7366E87-7A38-473E-908E-9D66E1214603}.Release|iPhoneSimulator.Deploy.0 = Release|Any CPU
	EndGlobalSection
	GlobalSection(SolutionProperties) = preSolution
		HideSolutionNode = FALSE
	EndGlobalSection
	GlobalSection(ExtensibilityGlobals) = postSolution
		SolutionGuid = {AE19DB60-1295-427A-AABA-DA8BDA84FBE7}
	EndGlobalSection
EndGlobal
